{
  "pins" : [
    {
      "identity" : "bettersafariview",
      "kind" : "remoteSourceControl",
      "location" : "https://github.com/stleamist/BetterSafariView.git",
      "state" : {
        "branch" : "main",
        "revision" : "9c051d20dbb50fa61d014d87b4ab6c5504408a73"
      }
    },
    {
      "identity" : "swiftui-cachedasyncimage",
      "kind" : "remoteSourceControl",
      "location" : "https://github.com/lorenzofiamingo/SwiftUI-CachedAsyncImage",
      "state" : {
        "revision" : "248bedf022db6202ea9ff18f4d74be36443b2586",
        "version" : "1.10.0"
      }
    }
  ],
  "version" : 2
}
